
Microsoft Visual Studio Solution File, Format Version 12.00
# Visual Studio Version 17
VisualStudioVersion = 17.3.32825.248
MinimumVisualStudioVersion = 10.0.40219.1
Project("{FAE04EC0-301F-11D3-BF4B-00C04F79EFBC}") = "NZWalks.API", "NZWalks.API\NZWalks.API.csproj", "{B2F2504C-87AD-4A18-8AA1-A0E4E535534A}"
EndProject
Global
	GlobalSection(SolutionConfigurationPlatforms) = preSolution
		Debug|Any CPU = Debug|Any CPU
		Release|Any CPU = Release|Any CPU
	EndGlobalSection
	GlobalSection(ProjectConfigurationPlatforms) = postSolution
		{B2F2504C-87AD-4A18-8AA1-A0E4E535534A}.Debug|Any CPU.ActiveCfg = Debug|Any CPU
		{B2F2504C-87AD-4A18-8AA1-A0E4E535534A}.Debug|Any CPU.Build.0 = Debug|Any CPU
		{B2F2504C-87AD-4A18-8AA1-A0E4E535534A}.Release|Any CPU.ActiveCfg = Release|Any CPU
		{B2F2504C-87AD-4A18-8AA1-A0E4E535534A}.Release|Any CPU.Build.0 = Release|Any CPU
	EndGlobalSection
	GlobalSection(SolutionProperties) = preSolution
		HideSolutionNode = FALSE
	EndGlobalSection
	GlobalSection(ExtensibilityGlobals) = postSolution
		SolutionGuid = {50FE6570-01C5-4905-B2F0-280487104E9A}
	EndGlobalSection
EndGlobal
